// !$*UTF8*$!
{
	archiveVersion = 1;
	classes = {
	};
	objectVersion = 56;
	objects = {

/* Begin PBXBuildFile section */
		E1279E812B966C360082D5C5 /* Photo.swift in Sources */ = {isa = PBXBuildFile; fileRef = E1279E802B966C360082D5C5 /* Photo.swift */; };
		E1279E832B966C5D0082D5C5 /* FilterType.swift in Sources */ = {isa = PBXBuildFile; fileRef = E1279E822B966C5D0082D5C5 /* FilterType.swift */; };
		E1279E8B2B966CD50082D5C5 /* ImageCraftTests.swift in Sources */ = {isa = PBXBuildFile; fileRef = E1279E8A2B966CD50082D5C5 /* ImageCraftTests.swift */; };
		E1E78DB72B96274C00737D88 /* ImageCraftApp.swift in Sources */ = {isa = PBXBuildFile; fileRef = E1E78DB62B96274C00737D88 /* ImageCraftApp.swift */; };
		E1E78DB92B96274C00737D88 /* ContentView.swift in Sources */ = {isa = PBXBuildFile; fileRef = E1E78DB82B96274C00737D88 /* ContentView.swift */; };
		E1E78DBB2B96274D00737D88 /* Assets.xcassets in Resources */ = {isa = PBXBuildFile; fileRef = E1E78DBA2B96274D00737D88 /* Assets.xcassets */; };
		E1E78DBE2B96274D00737D88 /* Preview Assets.xcassets in Resources */ = {isa = PBXBuildFile; fileRef = E1E78DBD2B96274D00737D88 /* Preview Assets.xcassets */; };
		E1E78DC82B96333D00737D88 /* CameraViewModel.swift in Sources */ = {isa = PBXBuildFile; fileRef = E1E78DC72B96333D00737D88 /* CameraViewModel.swift */; };
		E1E78DCB2B96335900737D88 /* ImageProcessor.swift in Sources */ = {isa = PBXBuildFile; fileRef = E1E78DCA2B96335900737D88 /* ImageProcessor.swift */; };
		E1E78DCE2B96336E00737D88 /* CameraView.swift in Sources */ = {isa = PBXBuildFile; fileRef = E1E78DCD2B96336E00737D88 /* CameraView.swift */; };
		E1E78DD02B96337400737D88 /* ShareSheet.swift in Sources */ = {isa = PBXBuildFile; fileRef = E1E78DCF2B96337400737D88 /* ShareSheet.swift */; };
/* End PBXBuildFile section */

/* Begin PBXContainerItemProxy section */
		E1279E8C2B966CD50082D5C5 /* PBXContainerItemProxy */ = {
			isa = PBXContainerItemProxy;
			containerPortal = E1E78DAB2B96274B00737D88 /* Project object */;
			proxyType = 1;
			remoteGlobalIDString = E1E78DB22B96274C00737D88;
			remoteInfo = ImageCraft;
		};
/* End PBXContainerItemProxy section */

/* Begin PBXFileReference section */
		E1279E802B966C360082D5C5 /* Photo.swift */ = {isa = PBXFileReference; lastKnownFileType = sourcecode.swift; path = Photo.swift; sourceTree = "<group>"; };
		E1279E822B966C5D0082D5C5 /* FilterType.swift */ = {isa = PBXFileReference; lastKnownFileType = sourcecode.swift; path = FilterType.swift; sourceTree = "<group>"; };
		E1279E882B966CD40082D5C5 /* ImageCraftTests.xctest */ = {isa = PBXFileReference; explicitFileType = wrapper.cfbundle; includeInIndex = 0; path = ImageCraftTests.xctest; sourceTree = BUILT_PRODUCTS_DIR; };
		E1279E8A2B966CD50082D5C5 /* ImageCraftTests.swift */ = {isa = PBXFileReference; lastKnownFileType = sourcecode.swift; path = ImageCraftTests.swift; sourceTree = "<group>"; };
		E1279E912B9676DE0082D5C5 /* Info.plist */ = {isa = PBXFileReference; lastKnownFileType = text.plist; path = Info.plist; sourceTree = "<group>"; };
		E1E78DB32B96274C00737D88 /* ImageCraft.app */ = {isa = PBXFileReference; explicitFileType = wrapper.application; includeInIndex = 0; path = ImageCraft.app; sourceTree = BUILT_PRODUCTS_DIR; };
		E1E78DB62B96274C00737D88 /* ImageCraftApp.swift */ = {isa = PBXFileReference; lastKnownFileType = sourcecode.swift; path = ImageCraftApp.swift; sourceTree = "<group>"; };
		E1E78DB82B96274C00737D88 /* ContentView.swift */ = {isa = PBXFileReference; lastKnownFileType = sourcecode.swift; path = ContentView.swift; sourceTree = "<group>"; };
		E1E78DBA2B96274D00737D88 /* Assets.xcassets */ = {isa = PBXFileReference; lastKnownFileType = folder.assetcatalog; path = Assets.xcassets; sourceTree = "<group>"; };
		E1E78DBD2B96274D00737D88 /* Preview Assets.xcassets */ = {isa = PBXFileReference; lastKnownFileType = folder.assetcatalog; path = "Preview Assets.xcassets"; sourceTree = "<group>"; };
		E1E78DC72B96333D00737D88 /* CameraViewModel.swift */ = {isa = PBXFileReference; lastKnownFileType = sourcecode.swift; path = CameraViewModel.swift; sourceTree = "<group>"; };
		E1E78DCA2B96335900737D88 /* ImageProcessor.swift */ = {isa = PBXFileReference; lastKnownFileType = sourcecode.swift; path = ImageProcessor.swift; sourceTree = "<group>"; };
		E1E78DCD2B96336E00737D88 /* CameraView.swift */ = {isa = PBXFileReference; lastKnownFileType = sourcecode.swift; path = CameraView.swift; sourceTree = "<group>"; };
		E1E78DCF2B96337400737D88 /* ShareSheet.swift */ = {isa = PBXFileReference; lastKnownFileType = sourcecode.swift; path = ShareSheet.swift; sourceTree = "<group>"; };
/* End PBXFileReference section */

/* Begin PBXFrameworksBuildPhase section */
		E1279E852B966CD40082D5C5 /* Frameworks */ = {
			isa = PBXFrameworksBuildPhase;
			buildActionMask = 2147483647;
			files = (
			);
			runOnlyForDeploymentPostprocessing = 0;
		};
		E1E78DB02B96274C00737D88 /* Frameworks */ = {
			isa = PBXFrameworksBuildPhase;
			buildActionMask = 2147483647;
			files = (
			);
			runOnlyForDeploymentPostprocessing = 0;
		};
/* End PBXFrameworksBuildPhase section */

/* Begin PBXGroup section */
		E1279E892B966CD50082D5C5 /* ImageCraftTests */ = {
			isa = PBXGroup;
			children = (
				E1279E8A2B966CD50082D5C5 /* ImageCraftTests.swift */,
			);
			path = ImageCraftTests;
			sourceTree = "<group>";
		};
		E1E78DAA2B96274B00737D88 = {
			isa = PBXGroup;
			children = (
				E1E78DB52B96274C00737D88 /* ImageCraft */,
				E1279E892B966CD50082D5C5 /* ImageCraftTests */,
				E1E78DB42B96274C00737D88 /* Products */,
			);
			sourceTree = "<group>";
		};
		E1E78DB42B96274C00737D88 /* Products */ = {
			isa = PBXGroup;
			children = (
				E1E78DB32B96274C00737D88 /* ImageCraft.app */,
				E1279E882B966CD40082D5C5 /* ImageCraftTests.xctest */,
			);
			name = Products;
			sourceTree = "<group>";
		};
		E1E78DB52B96274C00737D88 /* ImageCraft */ = {
			isa = PBXGroup;
			children = (
				E1279E912B9676DE0082D5C5 /* Info.plist */,
				E1E78DCC2B96336200737D88 /* Representables */,
				E1E78DC92B96334E00737D88 /* Utilities */,
				E1E78DC62B9632CB00737D88 /* ViewModel */,
				E1E78DC52B9632C500737D88 /* View */,
				E1E78DC42B9632BD00737D88 /* Model */,
				E1E78DB62B96274C00737D88 /* ImageCraftApp.swift */,
				E1E78DBA2B96274D00737D88 /* Assets.xcassets */,
				E1E78DBC2B96274D00737D88 /* Preview Content */,
			);
			path = ImageCraft;
			sourceTree = "<group>";
		};
		E1E78DBC2B96274D00737D88 /* Preview Content */ = {
			isa = PBXGroup;
			children = (
				E1E78DBD2B96274D00737D88 /* Preview Assets.xcassets */,
			);
			path = "Preview Content";
			sourceTree = "<group>";
		};
		E1E78DC42B9632BD00737D88 /* Model */ = {
			isa = PBXGroup;
			children = (
				E1279E802B966C360082D5C5 /* Photo.swift */,
				E1279E822B966C5D0082D5C5 /* FilterType.swift */,
			);
			path = Model;
			sourceTree = "<group>";
		};
		E1E78DC52B9632C500737D88 /* View */ = {
			isa = PBXGroup;
			children = (
				E1E78DB82B96274C00737D88 /* ContentView.swift */,
			);
			path = View;
			sourceTree = "<group>";
		};
		E1E78DC62B9632CB00737D88 /* ViewModel */ = {
			isa = PBXGroup;
			children = (
				E1E78DC72B96333D00737D88 /* CameraViewModel.swift */,
			);
			path = ViewModel;
			sourceTree = "<group>";
		};
		E1E78DC92B96334E00737D88 /* Utilities */ = {
			isa = PBXGroup;
			children = (
				E1E78DCA2B96335900737D88 /* ImageProcessor.swift */,
			);
			path = Utilities;
			sourceTree = "<group>";
		};
		E1E78DCC2B96336200737D88 /* Representables */ = {
			isa = PBXGroup;
			children = (
				E1E78DCD2B96336E00737D88 /* CameraView.swift */,
				E1E78DCF2B96337400737D88 /* ShareSheet.swift */,
			);
			path = Representables;
			sourceTree = "<group>";
		};
/* End PBXGroup section */

/* Begin PBXNativeTarget section */
		E1279E872B966CD40082D5C5 /* ImageCraftTests */ = {
			isa = PBXNativeTarget;
			buildConfigurationList = E1279E8E2B966CD50082D5C5 /* Build configuration list for PBXNativeTarget "ImageCraftTests" */;
			buildPhases = (
				E1279E842B966CD40082D5C5 /* Sources */,
				E1279E852B966CD40082D5C5 /* Frameworks */,
				E1279E862B966CD40082D5C5 /* Resources */,
			);
			buildRules = (
			);
			dependencies = (
				E1279E8D2B966CD50082D5C5 /* PBXTargetDependency */,
			);
			name = ImageCraftTests;
			productName = ImageCraftTests;
			productReference = E1279E882B966CD40082D5C5 /* ImageCraftTests.xctest */;
			productType = "com.apple.product-type.bundle.unit-test";
		};
		E1E78DB22B96274C00737D88 /* ImageCraft */ = {
			isa = PBXNativeTarget;
			buildConfigurationList = E1E78DC12B96274D00737D88 /* Build configuration list for PBXNativeTarget "ImageCraft" */;
			buildPhases = (
				E1E78DAF2B96274C00737D88 /* Sources */,
				E1E78DB02B96274C00737D88 /* Frameworks */,
				E1E78DB12B96274C00737D88 /* Resources */,
			);
			buildRules = (
			);
			dependencies = (
			);
			name = ImageCraft;
			productName = PassportPhoto;
			productReference = E1E78DB32B96274C00737D88 /* ImageCraft.app */;
			productType = "com.apple.product-type.application";
		};
/* End PBXNativeTarget section */

/* Begin PBXProject section */
		E1E78DAB2B96274B00737D88 /* Project object */ = {
			isa = PBXProject;
			attributes = {
				BuildIndependentTargetsInParallel = 1;
				LastSwiftUpdateCheck = 1520;
				LastUpgradeCheck = 1520;
				TargetAttributes = {
					E1279E872B966CD40082D5C5 = {
						CreatedOnToolsVersion = 15.2;
						TestTargetID = E1E78DB22B96274C00737D88;
					};
					E1E78DB22B96274C00737D88 = {
						CreatedOnToolsVersion = 15.2;
					};
				};
			};
			buildConfigurationList = E1E78DAE2B96274B00737D88 /* Build configuration list for PBXProject "ImageCraft" */;
			compatibilityVersion = "Xcode 14.0";
			developmentRegion = en;
			hasScannedForEncodings = 0;
			knownRegions = (
				en,
				Base,
			);
			mainGroup = E1E78DAA2B96274B00737D88;
			productRefGroup = E1E78DB42B96274C00737D88 /* Products */;
			projectDirPath = "";
			projectRoot = "";
			targets = (
				E1E78DB22B96274C00737D88 /* ImageCraft */,
				E1279E872B966CD40082D5C5 /* ImageCraftTests */,
			);
		};
/* End PBXProject section */

/* Begin PBXResourcesBuildPhase section */
		E1279E862B966CD40082D5C5 /* Resources */ = {
			isa = PBXResourcesBuildPhase;
			buildActionMask = 2147483647;
			files = (
			);
			runOnlyForDeploymentPostprocessing = 0;
		};
		E1E78DB12B96274C00737D88 /* Resources */ = {
			isa = PBXResourcesBuildPhase;
			buildActionMask = 2147483647;
			files = (
				E1E78DBE2B96274D00737D88 /* Preview Assets.xcassets in Resources */,
				E1E78DBB2B96274D00737D88 /* Assets.xcassets in Resources */,
			);
			runOnlyForDeploymentPostprocessing = 0;
		};
/* End PBXResourcesBuildPhase section */

/* Begin PBXSourcesBuildPhase section */
		E1279E842B966CD40082D5C5 /* Sources */ = {
			isa = PBXSourcesBuildPhase;
			buildActionMask = 2147483647;
			files = (
				E1279E8B2B966CD50082D5C5 /* ImageCraftTests.swift in Sources */,
			);
			runOnlyForDeploymentPostprocessing = 0;
		};
		E1E78DAF2B96274C00737D88 /* Sources */ = {
			isa = PBXSourcesBuildPhase;
			buildActionMask = 2147483647;
			files = (
				E1279E812B966C360082D5C5 /* Photo.swift in Sources */,
				E1E78DB92B96274C00737D88 /* ContentView.swift in Sources */,
				E1E78DD02B96337400737D88 /* ShareSheet.swift in Sources */,
				E1279E832B966C5D0082D5C5 /* FilterType.swift in Sources */,
				E1E78DB72B96274C00737D88 /* ImageCraftApp.swift in Sources */,
				E1E78DCB2B96335900737D88 /* ImageProcessor.swift in Sources */,
				E1E78DCE2B96336E00737D88 /* CameraView.swift in Sources */,
				E1E78DC82B96333D00737D88 /* CameraViewModel.swift in Sources */,
			);
			runOnlyForDeploymentPostprocessing = 0;
		};
/* End PBXSourcesBuildPhase section */

/* Begin PBXTargetDependency section */
		E1279E8D2B966CD50082D5C5 /* PBXTargetDependency */ = {
			isa = PBXTargetDependency;
			target = E1E78DB22B96274C00737D88 /* ImageCraft */;
			targetProxy = E1279E8C2B966CD50082D5C5 /* PBXContainerItemProxy */;
		};
/* End PBXTargetDependency section */

/* Begin XCBuildConfiguration section */
		E1279E8F2B966CD50082D5C5 /* Debug */ = {
			isa = XCBuildConfiguration;
			buildSettings = {
				BUNDLE_LOADER = "$(TEST_HOST)";
				CODE_SIGN_STYLE = Automatic;
				CURRENT_PROJECT_VERSION = 1;
				DEVELOPMENT_TEAM = TNY32NLQ4N;
				GENERATE_INFOPLIST_FILE = YES;
				MARKETING_VERSION = 1.0;
				PRODUCT_BUNDLE_IDENTIFIER = com.mtekin.ImageCraftTests;
				PRODUCT_NAME = "$(TARGET_NAME)";
				SWIFT_EMIT_LOC_STRINGS = NO;
				SWIFT_VERSION = 5.0;
				TARGETED_DEVICE_FAMILY = "1,2";
				TEST_HOST = "$(BUILT_PRODUCTS_DIR)/ImageCraft.app/$(BUNDLE_EXECUTABLE_FOLDER_PATH)/ImageCraft";
			};
			name = Debug;
		};
		E1279E902B966CD50082D5C5 /* Release */ = {
			isa = XCBuildConfiguration;
			buildSettings = {
				BUNDLE_LOADER = "$(TEST_HOST)";
				CODE_SIGN_STYLE = Automatic;
				CURRENT_PROJECT_VERSION = 1;
				DEVELOPMENT_TEAM = TNY32NLQ4N;
				GENERATE_INFOPLIST_FILE = YES;
				MARKETING_VERSION = 1.0;
				PRODUCT_BUNDLE_IDENTIFIER = com.mtekin.ImageCraftTests;
				PRODUCT_NAME = "$(TARGET_NAME)";
				SWIFT_EMIT_LOC_STRINGS = NO;
				SWIFT_VERSION = 5.0;
				TARGETED_DEVICE_FAMILY = "1,2";
				TEST_HOST = "$(BUILT_PRODUCTS_DIR)/ImageCraft.app/$(BUNDLE_EXECUTABLE_FOLDER_PATH)/ImageCraft";
			};
			name = Release;
		};
		E1E78DBF2B96274D00737D88 /* Debug */ = {
			isa = XCBuildConfiguration;
			buildSettings = {
				ALWAYS_SEARCH_USER_PATHS = NO;
				ASSETCATALOG_COMPILER_GENERATE_SWIFT_ASSET_SYMBOL_EXTENSIONS = YES;
				CLANG_ANALYZER_NONNULL = YES;
				CLANG_ANALYZER_NUMBER_OBJECT_CONVERSION = YES_AGGRESSIVE;
				CLANG_CXX_LANGUAGE_STANDARD = "gnu++20";
				CLANG_ENABLE_MODULES = YES;
				CLANG_ENABLE_OBJC_ARC = YES;
				CLANG_ENABLE_OBJC_WEAK = YES;
				CLANG_WARN_BLOCK_CAPTURE_AUTORELEASING = YES;
				CLANG_WARN_BOOL_CONVERSION = YES;
				CLANG_WARN_COMMA = YES;
				CLANG_WARN_CONSTANT_CONVERSION = YES;
				CLANG_WARN_DEPRECATED_OBJC_IMPLEMENTATIONS = YES;
				CLANG_WARN_DIRECT_OBJC_ISA_USAGE = YES_ERROR;
				CLANG_WARN_DOCUMENTATION_COMMENTS = YES;
				CLANG_WARN_EMPTY_BODY = YES;
				CLANG_WARN_ENUM_CONVERSION = YES;
				CLANG_WARN_INFINITE_RECURSION = YES;
				CLANG_WARN_INT_CONVERSION = YES;
				CLANG_WARN_NON_LITERAL_NULL_CONVERSION = YES;
				CLANG_WARN_OBJC_IMPLICIT_RETAIN_SELF = YES;
				CLANG_WARN_OBJC_LITERAL_CONVERSION = YES;
				CLANG_WARN_OBJC_ROOT_CLASS = YES_ERROR;
				CLANG_WARN_QUOTED_INCLUDE_IN_FRAMEWORK_HEADER = YES;
				CLANG_WARN_RANGE_LOOP_ANALYSIS = YES;
				CLANG_WARN_STRICT_PROTOTYPES = YES;
				CLANG_WARN_SUSPICIOUS_MOVE = YES;
				CLANG_WARN_UNGUARDED_AVAILABILITY = YES_AGGRESSIVE;
				CLANG_WARN_UNREACHABLE_CODE = YES;
				CLANG_WARN__DUPLICATE_METHOD_MATCH = YES;
				COPY_PHASE_STRIP = NO;
				DEBUG_INFORMATION_FORMAT = dwarf;
				ENABLE_STRICT_OBJC_MSGSEND = YES;
				ENABLE_TESTABILITY = YES;
				ENABLE_USER_SCRIPT_SANDBOXING = YES;
				GCC_C_LANGUAGE_STANDARD = gnu17;
				GCC_DYNAMIC_NO_PIC = NO;
				GCC_NO_COMMON_BLOCKS = YES;
				GCC_OPTIMIZATION_LEVEL = 0;
				GCC_PREPROCESSOR_DEFINITIONS = (
					"DEBUG=1",
					"$(inherited)",
				);
				GCC_WARN_64_TO_32_BIT_CONVERSION = YES;
				GCC_WARN_ABOUT_RETURN_TYPE = YES_ERROR;
				GCC_WARN_UNDECLARED_SELECTOR = YES;
				GCC_WARN_UNINITIALIZED_AUTOS = YES_AGGRESSIVE;
				GCC_WARN_UNUSED_FUNCTION = YES;
				GCC_WARN_UNUSED_VARIABLE = YES;
				IPHONEOS_DEPLOYMENT_TARGET = 17.2;
				LOCALIZATION_PREFERS_STRING_CATALOGS = YES;
				MTL_ENABLE_DEBUG_INFO = INCLUDE_SOURCE;
				MTL_FAST_MATH = YES;
				ONLY_ACTIVE_ARCH = YES;
				SDKROOT = iphoneos;
				SWIFT_ACTIVE_COMPILATION_CONDITIONS = "DEBUG $(inherited)";
				SWIFT_OPTIMIZATION_LEVEL = "-Onone";
			};
			name = Debug;
		};
		E1E78DC02B96274D00737D88 /* Release */ = {
			isa = XCBuildConfiguration;
			buildSettings = {
				ALWAYS_SEARCH_USER_PATHS = NO;
				ASSETCATALOG_COMPILER_GENERATE_SWIFT_ASSET_SYMBOL_EXTENSIONS = YES;
				CLANG_ANALYZER_NONNULL = YES;
				CLANG_ANALYZER_NUMBER_OBJECT_CONVERSION = YES_AGGRESSIVE;
				CLANG_CXX_LANGUAGE_STANDARD = "gnu++20";
				CLANG_ENABLE_MODULES = YES;
				CLANG_ENABLE_OBJC_ARC = YES;
				CLANG_ENABLE_OBJC_WEAK = YES;
				CLANG_WARN_BLOCK_CAPTURE_AUTORELEASING = YES;
				CLANG_WARN_BOOL_CONVERSION = YES;
				CLANG_WARN_COMMA = YES;
				CLANG_WARN_CONSTANT_CONVERSION = YES;
				CLANG_WARN_DEPRECATED_OBJC_IMPLEMENTATIONS = YES;
				CLANG_WARN_DIRECT_OBJC_ISA_USAGE = YES_ERROR;
				CLANG_WARN_DOCUMENTATION_COMMENTS = YES;
				CLANG_WARN_EMPTY_BODY = YES;
				CLANG_WARN_ENUM_CONVERSION = YES;
				CLANG_WARN_INFINITE_RECURSION = YES;
				CLANG_WARN_INT_CONVERSION = YES;
				CLANG_WARN_NON_LITERAL_NULL_CONVERSION = YES;
				CLANG_WARN_OBJC_IMPLICIT_RETAIN_SELF = YES;
				CLANG_WARN_OBJC_LITERAL_CONVERSION = YES;
				CLANG_WARN_OBJC_ROOT_CLASS = YES_ERROR;
				CLANG_WARN_QUOTED_INCLUDE_IN_FRAMEWORK_HEADER = YES;
				CLANG_WARN_RANGE_LOOP_ANALYSIS = YES;
				CLANG_WARN_STRICT_PROTOTYPES = YES;
				CLANG_WARN_SUSPICIOUS_MOVE = YES;
				CLANG_WARN_UNGUARDED_AVAILABILITY = YES_AGGRESSIVE;
				CLANG_WARN_UNREACHABLE_CODE = YES;
				CLANG_WARN__DUPLICATE_METHOD_MATCH = YES;
				COPY_PHASE_STRIP = NO;
				DEBUG_INFORMATION_FORMAT = "dwarf-with-dsym";
				ENABLE_NS_ASSERTIONS = NO;
				ENABLE_STRICT_OBJC_MSGSEND = YES;
				ENABLE_USER_SCRIPT_SANDBOXING = YES;
				GCC_C_LANGUAGE_STANDARD = gnu17;
				GCC_NO_COMMON_BLOCKS = YES;
				GCC_WARN_64_TO_32_BIT_CONVERSION = YES;
				GCC_WARN_ABOUT_RETURN_TYPE = YES_ERROR;
				GCC_WARN_UNDECLARED_SELECTOR = YES;
				GCC_WARN_UNINITIALIZED_AUTOS = YES_AGGRESSIVE;
				GCC_WARN_UNUSED_FUNCTION = YES;
				GCC_WARN_UNUSED_VARIABLE = YES;
				IPHONEOS_DEPLOYMENT_TARGET = 17.2;
				LOCALIZATION_PREFERS_STRING_CATALOGS = YES;
				MTL_ENABLE_DEBUG_INFO = NO;
				MTL_FAST_MATH = YES;
				SDKROOT = iphoneos;
				SWIFT_COMPILATION_MODE = wholemodule;
				VALIDATE_PRODUCT = YES;
			};
			name = Release;
		};
		E1E78DC22B96274D00737D88 /* Debug */ = {
			isa = XCBuildConfiguration;
			buildSettings = {
				ASSETCATALOG_COMPILER_APPICON_NAME = AppIcon;
				ASSETCATALOG_COMPILER_GLOBAL_ACCENT_COLOR_NAME = AccentColor;
				CODE_SIGN_STYLE = Automatic;
				CURRENT_PROJECT_VERSION = 1;
				DEVELOPMENT_ASSET_PATHS = "\"ImageCraft/Preview Content\"";
				DEVELOPMENT_TEAM = TNY32NLQ4N;
				ENABLE_PREVIEWS = YES;
				GENERATE_INFOPLIST_FILE = YES;
				INFOPLIST_FILE = ImageCraft/Info.plist;
				INFOPLIST_KEY_CFBundleDisplayName = "";
				INFOPLIST_KEY_LSApplicationCategoryType = "public.app-category.graphics-design";
				INFOPLIST_KEY_NSCameraUsageDescription = "We need access to your camera to take photos.";
				INFOPLIST_KEY_NSPhotoLibraryAddUsageDescription = "We need access to your photo library to save passport photos.";
				INFOPLIST_KEY_NSPhotoLibraryUsageDescription = "We need access to your photo library to select photos.";
				INFOPLIST_KEY_UIApplicationSceneManifest_Generation = YES;
				INFOPLIST_KEY_UIApplicationSupportsIndirectInputEvents = YES;
				INFOPLIST_KEY_UILaunchScreen_Generation = YES;
				INFOPLIST_KEY_UISupportedInterfaceOrientations_iPad = "UIInterfaceOrientationPortrait UIInterfaceOrientationPortraitUpsideDown UIInterfaceOrientationLandscapeLeft UIInterfaceOrientationLandscapeRight";
				INFOPLIST_KEY_UISupportedInterfaceOrientations_iPhone = "UIInterfaceOrientationPortrait UIInterfaceOrientationLandscapeLeft UIInterfaceOrientationLandscapeRight";
				LD_RUNPATH_SEARCH_PATHS = (
					"$(inherited)",
					"@executable_path/Frameworks",
				);
				MARKETING_VERSION = 1.0;
				PRODUCT_BUNDLE_IDENTIFIER = com.mtekin.PassportPhoto;
				PRODUCT_NAME = "$(TARGET_NAME)";
				SWIFT_EMIT_LOC_STRINGS = YES;
				SWIFT_VERSION = 5.0;
				TARGETED_DEVICE_FAMILY = "1,2";
			};
			name = Debug;
		};
		E1E78DC32B96274D00737D88 /* Release */ = {
			isa = XCBuildConfiguration;
			buildSettings = {
				ASSETCATALOG_COMPILER_APPICON_NAME = AppIcon;
				ASSETCATALOG_COMPILER_GLOBAL_ACCENT_COLOR_NAME = AccentColor;
				CODE_SIGN_STYLE = Automatic;
				CURRENT_PROJECT_VERSION = 1;
				DEVELOPMENT_ASSET_PATHS = "\"ImageCraft/Preview Content\"";
				DEVELOPMENT_TEAM = TNY32NLQ4N;
				ENABLE_PREVIEWS = YES;
				GENERATE_INFOPLIST_FILE = YES;
				INFOPLIST_FILE = ImageCraft/Info.plist;
				INFOPLIST_KEY_CFBundleDisplayName = "";
				INFOPLIST_KEY_LSApplicationCategoryType = "public.app-category.graphics-design";
				INFOPLIST_KEY_NSCameraUsageDescription = "We need access to your camera to take photos.";
				INFOPLIST_KEY_NSPhotoLibraryAddUsageDescription = "We need access to your photo library to save passport photos.";
				INFOPLIST_KEY_NSPhotoLibraryUsageDescription = "We need access to your photo library to select photos.";
				INFOPLIST_KEY_UIApplicationSceneManifest_Generation = YES;
				INFOPLIST_KEY_UIApplicationSupportsIndirectInputEvents = YES;
				INFOPLIST_KEY_UILaunchScreen_Generation = YES;
				INFOPLIST_KEY_UISupportedInterfaceOrientations_iPad = "UIInterfaceOrientationPortrait UIInterfaceOrientationPortraitUpsideDown UIInterfaceOrientationLandscapeLeft UIInterfaceOrientationLandscapeRight";
				INFOPLIST_KEY_UISupportedInterfaceOrientations_iPhone = "UIInterfaceOrientationPortrait UIInterfaceOrientationLandscapeLeft UIInterfaceOrientationLandscapeRight";
				LD_RUNPATH_SEARCH_PATHS = (
					"$(inherited)",
					"@executable_path/Frameworks",
				);
				MARKETING_VERSION = 1.0;
				PRODUCT_BUNDLE_IDENTIFIER = com.mtekin.ImageCraft;
				PRODUCT_NAME = "$(TARGET_NAME)";
				SWIFT_EMIT_LOC_STRINGS = YES;
				SWIFT_VERSION = 5.0;
				TARGETED_DEVICE_FAMILY = "1,2";
			};
			name = Release;
		};
/* End XCBuildConfiguration section */

/* Begin XCConfigurationList section */
		E1279E8E2B966CD50082D5C5 /* Build configuration list for PBXNativeTarget "ImageCraftTests" */ = {
			isa = XCConfigurationList;
			buildConfigurations = (
				E1279E8F2B966CD50082D5C5 /* Debug */,
				E1279E902B966CD50082D5C5 /* Release */,
			);
			defaultConfigurationIsVisible = 0;
			defaultConfigurationName = Release;
		};
		E1E78DAE2B96274B00737D88 /* Build configuration list for PBXProject "ImageCraft" */ = {
			isa = XCConfigurationList;
			buildConfigurations = (
				E1E78DBF2B96274D00737D88 /* Debug */,
				E1E78DC02B96274D00737D88 /* Release */,
			);
			defaultConfigurationIsVisible = 0;
			defaultConfigurationName = Release;
		};
		E1E78DC12B96274D00737D88 /* Build configuration list for PBXNativeTarget "ImageCraft" */ = {
			isa = XCConfigurationList;
			buildConfigurations = (
				E1E78DC22B96274D00737D88 /* Debug */,
				E1E78DC32B96274D00737D88 /* Release */,
			);
			defaultConfigurationIsVisible = 0;
			defaultConfigurationName = Release;
		};
/* End XCConfigurationList section */
	};
	rootObject = E1E78DAB2B96274B00737D88 /* Project object */;
}
